
Microsoft Visual Studio Solution File, Format Version 12.00
# Visual Studio Version 16
VisualStudioVersion = 16.0.30406.217
MinimumVisualStudioVersion = 10.0.40219.1
Project("{9A19103F-16F7-4668-BE54-9A1E7A4F7556}") = "Oblig1", "Oblig1\Oblig1.csproj", "{F163C18F-726D-47EF-B750-45B526E43BDB}"
EndProject
Project("{FAE04EC0-301F-11D3-BF4B-00C04F79EFBC}") = "Oblig1.UnitTest", "Oblig1.UnitTest\Oblig1.UnitTest.csproj", "{05A58977-9059-462A-BDF5-9C8A17F1153D}"
EndProject
Global
	GlobalSection(SolutionConfigurationPlatforms) = preSolution
		Debug|Any CPU = Debug|Any CPU
		Release|Any CPU = Release|Any CPU
	EndGlobalSection
	GlobalSection(ProjectConfigurationPlatforms) = postSolution
		{F163C18F-726D-47EF-B750-45B526E43BDB}.Debug|Any CPU.ActiveCfg = Debug|Any CPU
		{F163C18F-726D-47EF-B750-45B526E43BDB}.Debug|Any CPU.Build.0 = Debug|Any CPU
		{F163C18F-726D-47EF-B750-45B526E43BDB}.Release|Any CPU.ActiveCfg = Release|Any CPU
		{F163C18F-726D-47EF-B750-45B526E43BDB}.Release|Any CPU.Build.0 = Release|Any CPU
		{05A58977-9059-462A-BDF5-9C8A17F1153D}.Debug|Any CPU.ActiveCfg = Debug|Any CPU
		{05A58977-9059-462A-BDF5-9C8A17F1153D}.Debug|Any CPU.Build.0 = Debug|Any CPU
		{05A58977-9059-462A-BDF5-9C8A17F1153D}.Release|Any CPU.ActiveCfg = Release|Any CPU
		{05A58977-9059-462A-BDF5-9C8A17F1153D}.Release|Any CPU.Build.0 = Release|Any CPU
	EndGlobalSection
	GlobalSection(SolutionProperties) = preSolution
		HideSolutionNode = FALSE
	EndGlobalSection
	GlobalSection(ExtensibilityGlobals) = postSolution
		SolutionGuid = {A88D7BDD-8AEA-4643-81F9-0141C406233C}
	EndGlobalSection
EndGlobal
